
Microsoft Visual Studio Solution File, Format Version 12.00
# Visual Studio Version 17
VisualStudioVersion = 17.7.34221.43
MinimumVisualStudioVersion = 10.0.40219.1
Project("{9A19103F-16F7-4668-BE54-9A1E7A4F7556}") = "PokemonBattleSim", "PokemonBattleSim.csproj", "{B6EEADFE-8105-4318-B44B-A8AB16BEA7A3}"
EndProject
Project("{FAE04EC0-301F-11D3-BF4B-00C04F79EFBC}") = "PBSFrontEnd", "..\PBSFrontEnd\PBSFrontEnd.csproj", "{43BB606A-741B-418A-BDF5-8F0048BD91B2}"
EndProject
Project("{FAE04EC0-301F-11D3-BF4B-00C04F79EFBC}") = "PBSRazorClassLibrary", "..\PBSRazorClassLibrary\PBSRazorClassLibrary.csproj", "{68C638C5-770E-41BB-A54F-11660F71B401}"
EndProject
Global
	GlobalSection(SolutionConfigurationPlatforms) = preSolution
		Debug|Any CPU = Debug|Any CPU
		Release|Any CPU = Release|Any CPU
	EndGlobalSection
	GlobalSection(ProjectConfigurationPlatforms) = postSolution
		{B6EEADFE-8105-4318-B44B-A8AB16BEA7A3}.Debug|Any CPU.ActiveCfg = Debug|Any CPU
		{B6EEADFE-8105-4318-B44B-A8AB16BEA7A3}.Debug|Any CPU.Build.0 = Debug|Any CPU
		{B6EEADFE-8105-4318-B44B-A8AB16BEA7A3}.Debug|Any CPU.Deploy.0 = Debug|Any CPU
		{B6EEADFE-8105-4318-B44B-A8AB16BEA7A3}.Release|Any CPU.ActiveCfg = Release|Any CPU
		{B6EEADFE-8105-4318-B44B-A8AB16BEA7A3}.Release|Any CPU.Build.0 = Release|Any CPU
		{B6EEADFE-8105-4318-B44B-A8AB16BEA7A3}.Release|Any CPU.Deploy.0 = Release|Any CPU
		{43BB606A-741B-418A-BDF5-8F0048BD91B2}.Debug|Any CPU.ActiveCfg = Debug|Any CPU
		{43BB606A-741B-418A-BDF5-8F0048BD91B2}.Debug|Any CPU.Build.0 = Debug|Any CPU
		{43BB606A-741B-418A-BDF5-8F0048BD91B2}.Release|Any CPU.ActiveCfg = Release|Any CPU
		{43BB606A-741B-418A-BDF5-8F0048BD91B2}.Release|Any CPU.Build.0 = Release|Any CPU
		{68C638C5-770E-41BB-A54F-11660F71B401}.Debug|Any CPU.ActiveCfg = Debug|Any CPU
		{68C638C5-770E-41BB-A54F-11660F71B401}.Debug|Any CPU.Build.0 = Debug|Any CPU
		{68C638C5-770E-41BB-A54F-11660F71B401}.Release|Any CPU.ActiveCfg = Release|Any CPU
		{68C638C5-770E-41BB-A54F-11660F71B401}.Release|Any CPU.Build.0 = Release|Any CPU
	EndGlobalSection
	GlobalSection(SolutionProperties) = preSolution
		HideSolutionNode = FALSE
	EndGlobalSection
	GlobalSection(ExtensibilityGlobals) = postSolution
		SolutionGuid = {E8D9B4B1-D597-485B-97FB-043B8A4018A7}
	EndGlobalSection
EndGlobal
